
Microsoft Visual Studio Solution File, Format Version 12.00
Project("{FAE04EC0-301F-11D3-BF4B-00C04F79EFBC}") = "Server", "Server\Server.csproj", "{590D1012-5710-4B82-9190-94C32724D6A1}"
EndProject
Project("{2150E333-8FDC-42A3-9474-1A3956D46DE8}") = "Solution Items", "Solution Items", "{746C90A5-3BD3-4DB6-AFD7-AA248CC971C9}"
	ProjectSection(SolutionItems) = preProject
		docker-compose.yml = docker-compose.yml
		Dockerfile = Dockerfile
	EndProjectSection
EndProject
Project("{9092AA53-FB77-4645-B42D-1CCCA6BD08BD}") = "Project", "Client\Project.njsproj", "{1D5F9C22-57BC-4A29-8528-2B5B775C37F6}"
EndProject
Global
	GlobalSection(SolutionConfigurationPlatforms) = preSolution
		Debug|Any CPU = Debug|Any CPU
		Release|Any CPU = Release|Any CPU
	EndGlobalSection
	GlobalSection(ProjectConfigurationPlatforms) = postSolution
		{590D1012-5710-4B82-9190-94C32724D6A1}.Debug|Any CPU.ActiveCfg = Debug|Any CPU
		{590D1012-5710-4B82-9190-94C32724D6A1}.Debug|Any CPU.Build.0 = Debug|Any CPU
		{590D1012-5710-4B82-9190-94C32724D6A1}.Release|Any CPU.ActiveCfg = Release|Any CPU
		{590D1012-5710-4B82-9190-94C32724D6A1}.Release|Any CPU.Build.0 = Release|Any CPU
	EndGlobalSection
EndGlobal
